
Microsoft Visual Studio Solution File, Format Version 12.00
# Visual Studio 14
VisualStudioVersion = 14.0.25420.1
MinimumVisualStudioVersion = 10.0.40219.1
Project("{FAE04EC0-301F-11D3-BF4B-00C04F79EFBC}") = "SurroundSelection", "SurroundSelection\SurroundSelection.csproj", "{89456519-F542-4044-9CA8-219D216868C8}"
EndProject
Project("{2150E333-8FDC-42A3-9474-1A3956D46DE8}") = "Solution Items", "Solution Items", "{A711E37A-1DA9-46BD-909A-2D4CF03642D0}"
	ProjectSection(SolutionItems) = preProject
		CHANGELOG.md = CHANGELOG.md
		README.md = README.md
	EndProjectSection
EndProject
Global
	GlobalSection(SolutionConfigurationPlatforms) = preSolution
		Debug|Any CPU = Debug|Any CPU
		Release|Any CPU = Release|Any CPU
	EndGlobalSection
	GlobalSection(ProjectConfigurationPlatforms) = postSolution
		{89456519-F542-4044-9CA8-219D216868C8}.Debug|Any CPU.ActiveCfg = Debug|Any CPU
		{89456519-F542-4044-9CA8-219D216868C8}.Debug|Any CPU.Build.0 = Debug|Any CPU
		{89456519-F542-4044-9CA8-219D216868C8}.Release|Any CPU.ActiveCfg = Release|Any CPU
		{89456519-F542-4044-9CA8-219D216868C8}.Release|Any CPU.Build.0 = Release|Any CPU
	EndGlobalSection
	GlobalSection(SolutionProperties) = preSolution
		HideSolutionNode = FALSE
	EndGlobalSection
EndGlobal
